
Microsoft Visual Studio Solution File, Format Version 12.00
# Visual Studio Version 16
VisualStudioVersion = 16.0.30011.22
MinimumVisualStudioVersion = 10.0.40219.1
Project("{FAE04EC0-301F-11D3-BF4B-00C04F79EFBC}") = "LogicaNegocios", "LogicaNegocios\LogicaNegocios.csproj", "{13B3C3FA-BF78-4499-9150-ED3004E6D311}"
EndProject
Project("{FAE04EC0-301F-11D3-BF4B-00C04F79EFBC}") = "VentasConsola", "VentasConsola\VentasConsola.csproj", "{7B4731C2-20E9-4660-8FC6-EE74637B01BA}"
EndProject
Project("{FAE04EC0-301F-11D3-BF4B-00C04F79EFBC}") = "VentasForms", "VentasForms\VentasForms.csproj", "{C54713BE-664D-45F3-B93C-377B5871CADD}"
EndProject
Global
	GlobalSection(SolutionConfigurationPlatforms) = preSolution
		Debug|Any CPU = Debug|Any CPU
		Release|Any CPU = Release|Any CPU
	EndGlobalSection
	GlobalSection(ProjectConfigurationPlatforms) = postSolution
		{13B3C3FA-BF78-4499-9150-ED3004E6D311}.Debug|Any CPU.ActiveCfg = Debug|Any CPU
		{13B3C3FA-BF78-4499-9150-ED3004E6D311}.Debug|Any CPU.Build.0 = Debug|Any CPU
		{13B3C3FA-BF78-4499-9150-ED3004E6D311}.Release|Any CPU.ActiveCfg = Release|Any CPU
		{13B3C3FA-BF78-4499-9150-ED3004E6D311}.Release|Any CPU.Build.0 = Release|Any CPU
		{7B4731C2-20E9-4660-8FC6-EE74637B01BA}.Debug|Any CPU.ActiveCfg = Debug|Any CPU
		{7B4731C2-20E9-4660-8FC6-EE74637B01BA}.Debug|Any CPU.Build.0 = Debug|Any CPU
		{7B4731C2-20E9-4660-8FC6-EE74637B01BA}.Release|Any CPU.ActiveCfg = Release|Any CPU
		{7B4731C2-20E9-4660-8FC6-EE74637B01BA}.Release|Any CPU.Build.0 = Release|Any CPU
		{C54713BE-664D-45F3-B93C-377B5871CADD}.Debug|Any CPU.ActiveCfg = Debug|Any CPU
		{C54713BE-664D-45F3-B93C-377B5871CADD}.Debug|Any CPU.Build.0 = Debug|Any CPU
		{C54713BE-664D-45F3-B93C-377B5871CADD}.Release|Any CPU.ActiveCfg = Release|Any CPU
		{C54713BE-664D-45F3-B93C-377B5871CADD}.Release|Any CPU.Build.0 = Release|Any CPU
	EndGlobalSection
	GlobalSection(SolutionProperties) = preSolution
		HideSolutionNode = FALSE
	EndGlobalSection
	GlobalSection(ExtensibilityGlobals) = postSolution
		SolutionGuid = {18B6AC5F-02D5-4CE7-8E5E-E1B8E09ED397}
	EndGlobalSection
EndGlobal
